{
  "nodes": {
    "crane": {
      "locked": {
        "lastModified": 1773857772,
        "narHash": "sha256-5xsK26KRHf0WytBtsBnQYC/lTWDhQuT57HJ7SzuqZcM=",
        "owner": "ipetkov",
        "repo": "crane",
        "rev": "b556d7bbae5ff86e378451511873dfd07e4504cd",
        "type": "github"
      },
      "original": {
        "owner": "ipetkov",
        "repo": "crane",
        "type": "github"
      }
    },
    "flake-utils": {
      "inputs": {
        "systems": "systems"
      },
      "locked": {
        "lastModified": 1731533236,
        "narHash": "sha256-l0KFg5HjrsfsO/JpG+r7fRrqm12kzFHyUHqHCVpMMbI=",
        "owner": "numtide",
        "repo": "flake-utils",
        "rev": "11707dc2f618dd54ca8739b309ec4fc024de578b",
        "type": "github"
      },
      "original": {
        "owner": "numtide",
        "repo": "flake-utils",
        "type": "github"
      }
    },
    "nixpkgs": {
      "locked": {
        "lastModified": 1774243609,
        "narHash": "sha256-6sB2IYqXYwoQS11Ev0u3b0lpAleTpvNv5iv4iqiCCR8=",
        "owner": "NixOS",
        "repo": "nixpkgs",
        "rev": "4724d5647207377bede08da3212f809cbd94a648",
        "type": "github"
      },
      "original": {
        "owner": "NixOS",
        "ref": "nixpkgs-unstable",
        "repo": "nixpkgs",
        "type": "github"
      }
    },
    "root": {
      "inputs": {
        "crane": "crane",
        "flake-utils": "flake-utils",
        "nixpkgs": "nixpkgs",
        "rust-overlay": "rust-overlay",
        "tree-sitter-kak": "tree-sitter-kak",
        "tree-sitter-markdown": "tree-sitter-markdown",
        "tree-sitter-nix": "tree-sitter-nix",
        "tree-sitter-nushell": "tree-sitter-nushell",
        "tree-sitter-python": "tree-sitter-python",
        "tree-sitter-rust": "tree-sitter-rust",
        "tree-sitter-vine": "tree-sitter-vine",
        "treefmt-nix": "treefmt-nix"
      }
    },
    "rust-overlay": {
      "inputs": {
        "nixpkgs": [
          "nixpkgs"
        ]
      },
      "locked": {
        "lastModified": 1774235565,
        "narHash": "sha256-D8OOwvq3zDDCtIhMcNueb9tGSZaZUanKpWDleRgQ80U=",
        "owner": "oxalica",
        "repo": "rust-overlay",
        "rev": "dc00324a2438762582b49954373112b8eab29cab",
        "type": "github"
      },
      "original": {
        "owner": "oxalica",
        "repo": "rust-overlay",
        "type": "github"
      }
    },
    "systems": {
      "locked": {
        "lastModified": 1681028828,
        "narHash": "sha256-Vy1rq5AaRuLzOxct8nz4T6wlgyUR7zLU309k9mBC768=",
        "owner": "nix-systems",
        "repo": "default",
        "rev": "da67096a3b9bf56a91d16901293e51ba5b49a27e",
        "type": "github"
      },
      "original": {
        "owner": "nix-systems",
        "repo": "default",
        "type": "github"
      }
    },
    "tree-sitter-kak": {
      "flake": false,
      "locked": {
        "lastModified": 1774441459,
        "narHash": "sha256-tiyDats3OCqeA4Pz29vUHNNdkC5aGtFc20APafyo25c=",
        "owner": "saifulapm",
        "repo": "tree-sitter-kakscript",
        "rev": "2a65a7f64cfa0dc37d241fd3bff63bfcfca945ca",
        "type": "github"
      },
      "original": {
        "owner": "saifulapm",
        "repo": "tree-sitter-kakscript",
        "type": "github"
      }
    },
    "tree-sitter-markdown": {
      "flake": false,
      "locked": {
        "lastModified": 1772129059,
        "narHash": "sha256-WUVN7+lzDI+VC5PuJjhHiS4JpVr1x0Ic30i2tVrI6W8=",
        "owner": "tree-sitter-grammars",
        "repo": "tree-sitter-markdown",
        "rev": "f969cd3ae3f9fbd4e43205431d0ae286014c05b5",
        "type": "github"
      },
      "original": {
        "owner": "tree-sitter-grammars",
        "repo": "tree-sitter-markdown",
        "type": "github"
      }
    },
    "tree-sitter-nix": {
      "flake": false,
      "locked": {
        "lastModified": 1764782150,
        "narHash": "sha256-cSiBd0XkSR8l1CF2vkThWUtMxqATwuxCNO5oy2kyOZY=",
        "owner": "nix-community",
        "repo": "tree-sitter-nix",
        "rev": "eabf96807ea4ab6d6c7f09b671a88cd483542840",
        "type": "github"
      },
      "original": {
        "owner": "nix-community",
        "repo": "tree-sitter-nix",
        "type": "github"
      }
    },
    "tree-sitter-nushell": {
      "flake": false,
      "locked": {
        "lastModified": 1774015059,
        "narHash": "sha256-G+XuQSqvJ9xRNq4fYiyHK9+AmCNofayPOC6JrFXpcjU=",
        "owner": "nushell",
        "repo": "tree-sitter-nu",
        "rev": "696d257f6b652edb50878a783b30ad7833dec49e",
        "type": "github"
      },
      "original": {
        "owner": "nushell",
        "repo": "tree-sitter-nu",
        "type": "github"
      }
    },
    "tree-sitter-python": {
      "flake": false,
      "locked": {
        "lastModified": 1757972015,
        "narHash": "sha256-gHeja/X/Ux8fa5rh0b69/bcUcmHBcXsK5uJ1ibtuI20=",
        "owner": "tree-sitter",
        "repo": "tree-sitter-python",
        "rev": "26855eabccb19c6abf499fbc5b8dc7cc9ab8bc64",
        "type": "github"
      },
      "original": {
        "owner": "tree-sitter",
        "repo": "tree-sitter-python",
        "type": "github"
      }
    },
    "tree-sitter-rust": {
      "flake": false,
      "locked": {
        "lastModified": 1773939026,
        "narHash": "sha256-nx7FiGQ2ybaq6YSuToQSQbH6Vj+JNWSXacuPumHGV/Q=",
        "owner": "tree-sitter",
        "repo": "tree-sitter-rust",
        "rev": "8a1ccae7aaccdc11b04dbd803453e3e9cfd9159b",
        "type": "github"
      },
      "original": {
        "owner": "tree-sitter",
        "repo": "tree-sitter-rust",
        "type": "github"
      }
    },
    "tree-sitter-vine": {
      "flake": false,
      "locked": {
        "lastModified": 1773336244,
        "narHash": "sha256-rtM0DmIF1L9KRg/PpFsQkkMFmlFVg6PAVeRyMblk2zw=",
        "owner": "VineLang",
        "repo": "vine",
        "rev": "41e5ec678d02e25319c4ef43bf3581bf3f013c84",
        "type": "github"
      },
      "original": {
        "owner": "VineLang",
        "repo": "vine",
        "type": "github"
      }
    },
    "treefmt-nix": {
      "inputs": {
        "nixpkgs": [
          "nixpkgs"
        ]
      },
      "locked": {
        "lastModified": 1773297127,
        "narHash": "sha256-6E/yhXP7Oy/NbXtf1ktzmU8SdVqJQ09HC/48ebEGBpk=",
        "owner": "numtide",
        "repo": "treefmt-nix",
        "rev": "71b125cd05fbfd78cab3e070b73544abe24c5016",
        "type": "github"
      },
      "original": {
        "owner": "numtide",
        "repo": "treefmt-nix",
        "type": "github"
      }
    }
  },
  "root": "root",
  "version": 7
}
